
Microsoft Visual Studio Solution File, Format Version 12.00
# Visual Studio 14
VisualStudioVersion = 14.0.23107.0
MinimumVisualStudioVersion = 10.0.40219.1
Project("{FAE04EC0-301F-11D3-BF4B-00C04F79EFBC}") = "Furniture house Application", "Furniture house Application\Furniture house Application.csproj", "{B6448F45-A184-4712-B1DA-371F1BADDABE}"
EndProject
Global
	GlobalSection(SolutionConfigurationPlatforms) = preSolution
		Debug|Any CPU = Debug|Any CPU
		Release|Any CPU = Release|Any CPU
	EndGlobalSection
	GlobalSection(ProjectConfigurationPlatforms) = postSolution
		{B6448F45-A184-4712-B1DA-371F1BADDABE}.Debug|Any CPU.ActiveCfg = Debug|Any CPU
		{B6448F45-A184-4712-B1DA-371F1BADDABE}.Debug|Any CPU.Build.0 = Debug|Any CPU
		{B6448F45-A184-4712-B1DA-371F1BADDABE}.Release|Any CPU.ActiveCfg = Release|Any CPU
		{B6448F45-A184-4712-B1DA-371F1BADDABE}.Release|Any CPU.Build.0 = Release|Any CPU
	EndGlobalSection
	GlobalSection(SolutionProperties) = preSolution
		HideSolutionNode = FALSE
	EndGlobalSection
EndGlobal
